# This file is automatically @generated by Cargo.
# It is not intended for manual editing.
version = 4

[[package]]
name = "quake-c-sys"
version = "0.1.0"

[[package]]
name = "quake-capi"
version = "0.1.0"

[[package]]
name = "quake-cvar"
version = "0.1.0"

[[package]]
name = "quake-formats"
version = "0.1.0"

[[package]]
name = "quake-fs"
version = "0.1.0"

[[package]]
name = "quake-host"
version = "0.1.0"

[[package]]
name = "quake-image"
version = "0.1.0"

[[package]]
name = "quake-math"
version = "0.1.0"

[[package]]
name = "quake-net"
version = "0.1.0"

[[package]]
name = "quake-platform"
version = "0.1.0"

[[package]]
name = "quake-progs"
version = "0.1.0"

[[package]]
name = "quake-render"
version = "0.1.0"

[[package]]
name = "quake-snd"
version = "0.1.0"

[[package]]
name = "quake-tasks"
version = "0.1.0"

[[package]]
name = "quake-types"
version = "0.1.0"

[[package]]
name = "quake-util"
version = "0.1.0"

[[package]]
name = "xtask"
version = "0.1.0"
